
Microsoft Visual Studio Solution File, Format Version 12.00
# Visual Studio Version 17
VisualStudioVersion = 17.1.32228.430
MinimumVisualStudioVersion = 10.0.40219.1
Project("{FAE04EC0-301F-11D3-BF4B-00C04F79EFBC}") = "ConsoleApp1", "ConsoleApp1\ConsoleApp1.csproj", "{EEC5B65F-7FAA-4293-B35A-34D00564F46B}"
EndProject
Global
	GlobalSection(SolutionConfigurationPlatforms) = preSolution
		Debug|Any CPU = Debug|Any CPU
		Release|Any CPU = Release|Any CPU
	EndGlobalSection
	GlobalSection(ProjectConfigurationPlatforms) = postSolution
		{EEC5B65F-7FAA-4293-B35A-34D00564F46B}.Debug|Any CPU.ActiveCfg = Debug|Any CPU
		{EEC5B65F-7FAA-4293-B35A-34D00564F46B}.Debug|Any CPU.Build.0 = Debug|Any CPU
		{EEC5B65F-7FAA-4293-B35A-34D00564F46B}.Release|Any CPU.ActiveCfg = Release|Any CPU
		{EEC5B65F-7FAA-4293-B35A-34D00564F46B}.Release|Any CPU.Build.0 = Release|Any CPU
	EndGlobalSection
	GlobalSection(SolutionProperties) = preSolution
		HideSolutionNode = FALSE
	EndGlobalSection
	GlobalSection(ExtensibilityGlobals) = postSolution
		SolutionGuid = {940273AF-0E98-429A-A34F-9040A35ED64D}
	EndGlobalSection
EndGlobal
